
Microsoft Visual Studio Solution File, Format Version 12.00
# Visual Studio Version 16
VisualStudioVersion = 16.0.31515.178
MinimumVisualStudioVersion = 10.0.40219.1
Project("{FAE04EC0-301F-11D3-BF4B-00C04F79EFBC}") = "FNToolKit", "FNToolKit\FNToolKit.csproj", "{8BB2F35F-0FD1-47E9-B328-2F33F65BEEAA}"
EndProject
Global
	GlobalSection(SolutionConfigurationPlatforms) = preSolution
		Debug|Any CPU = Debug|Any CPU
		Release|Any CPU = Release|Any CPU
	EndGlobalSection
	GlobalSection(ProjectConfigurationPlatforms) = postSolution
		{8BB2F35F-0FD1-47E9-B328-2F33F65BEEAA}.Debug|Any CPU.ActiveCfg = Debug|Any CPU
		{8BB2F35F-0FD1-47E9-B328-2F33F65BEEAA}.Debug|Any CPU.Build.0 = Debug|Any CPU
		{8BB2F35F-0FD1-47E9-B328-2F33F65BEEAA}.Release|Any CPU.ActiveCfg = Release|Any CPU
		{8BB2F35F-0FD1-47E9-B328-2F33F65BEEAA}.Release|Any CPU.Build.0 = Release|Any CPU
	EndGlobalSection
	GlobalSection(SolutionProperties) = preSolution
		HideSolutionNode = FALSE
	EndGlobalSection
	GlobalSection(ExtensibilityGlobals) = postSolution
		SolutionGuid = {477C54BC-6277-4A75-9B10-7528E7082C50}
	EndGlobalSection
EndGlobal
